
Microsoft Visual Studio Solution File, Format Version 12.00
# Visual Studio Version 16
VisualStudioVersion = 16.0.30626.31
MinimumVisualStudioVersion = 10.0.40219.1
Project("{FAE04EC0-301F-11D3-BF4B-00C04F79EFBC}") = "Learning-TOM", "Learning-TOM\Learning-TOM.csproj", "{281FE7D1-97C1-43C7-A9CF-B4121E919AFE}"
EndProject
Global
	GlobalSection(SolutionConfigurationPlatforms) = preSolution
		Debug|Any CPU = Debug|Any CPU
		Release|Any CPU = Release|Any CPU
	EndGlobalSection
	GlobalSection(ProjectConfigurationPlatforms) = postSolution
		{281FE7D1-97C1-43C7-A9CF-B4121E919AFE}.Debug|Any CPU.ActiveCfg = Debug|Any CPU
		{281FE7D1-97C1-43C7-A9CF-B4121E919AFE}.Debug|Any CPU.Build.0 = Debug|Any CPU
		{281FE7D1-97C1-43C7-A9CF-B4121E919AFE}.Release|Any CPU.ActiveCfg = Release|Any CPU
		{281FE7D1-97C1-43C7-A9CF-B4121E919AFE}.Release|Any CPU.Build.0 = Release|Any CPU
	EndGlobalSection
	GlobalSection(SolutionProperties) = preSolution
		HideSolutionNode = FALSE
	EndGlobalSection
	GlobalSection(ExtensibilityGlobals) = postSolution
		SolutionGuid = {67A6AAFB-A3DF-42DE-90DB-89D54C7B169C}
	EndGlobalSection
EndGlobal
